
Microsoft Visual Studio Solution File, Format Version 12.00
# Visual Studio Version 17
VisualStudioVersion = 17.3.32825.248
MinimumVisualStudioVersion = 10.0.40219.1
Project("{FAE04EC0-301F-11D3-BF4B-00C04F79EFBC}") = "AddressBook", "AddressBook\AddressBook.csproj", "{33F9AB73-33A6-4482-B838-BF7648E94B29}"
EndProject
Global
	GlobalSection(SolutionConfigurationPlatforms) = preSolution
		Debug|Any CPU = Debug|Any CPU
		Release|Any CPU = Release|Any CPU
	EndGlobalSection
	GlobalSection(ProjectConfigurationPlatforms) = postSolution
		{33F9AB73-33A6-4482-B838-BF7648E94B29}.Debug|Any CPU.ActiveCfg = Debug|Any CPU
		{33F9AB73-33A6-4482-B838-BF7648E94B29}.Debug|Any CPU.Build.0 = Debug|Any CPU
		{33F9AB73-33A6-4482-B838-BF7648E94B29}.Release|Any CPU.ActiveCfg = Release|Any CPU
		{33F9AB73-33A6-4482-B838-BF7648E94B29}.Release|Any CPU.Build.0 = Release|Any CPU
	EndGlobalSection
	GlobalSection(SolutionProperties) = preSolution
		HideSolutionNode = FALSE
	EndGlobalSection
	GlobalSection(ExtensibilityGlobals) = postSolution
		SolutionGuid = {0AB8C518-AF33-4AA7-9CAD-A47B2DD59376}
	EndGlobalSection
EndGlobal
